
Microsoft Visual Studio Solution File, Format Version 12.00
# Visual Studio Version 17
VisualStudioVersion = 17.13.35806.99
MinimumVisualStudioVersion = 10.0.40219.1
Project("{FAE04EC0-301F-11D3-BF4B-00C04F79EFBC}") = "Usuarios.ApiService", "Usuarios.ApiService\Usuarios.ApiService.csproj", "{1E4C6F3F-83FB-41E9-BDB7-D397102219C0}"
EndProject
Project("{FAE04EC0-301F-11D3-BF4B-00C04F79EFBC}") = "Usuarios.Service.Domain", "Usuarios.Service.Domain\Usuarios.Service.Domain.csproj", "{1C8A723C-B4A3-47D3-ACDA-45C58EB64B87}"
EndProject
Project("{FAE04EC0-301F-11D3-BF4B-00C04F79EFBC}") = "Usuarios.Service.Application", "Usuarios.Service.Application\Usuarios.Service.Application.csproj", "{6E225E38-E8CD-4773-92B5-AE315A29E2E1}"
EndProject
Project("{FAE04EC0-301F-11D3-BF4B-00C04F79EFBC}") = "Usuarios.Service.Infrastructure", "Usuarios.Service.Infrastructure\Usuarios.Service.Infrastructure.csproj", "{B0E7079D-4762-4100-A4A8-759F2487A629}"
EndProject
Project("{FAE04EC0-301F-11D3-BF4B-00C04F79EFBC}") = "Usuarios.Service.Tests", "Usuarios.Service.Tests\Usuarios.Service.Tests.csproj", "{3CF30E49-F920-426D-876A-A0FF1023F61D}"
EndProject
Global
	GlobalSection(SolutionConfigurationPlatforms) = preSolution
		Debug|Any CPU = Debug|Any CPU
		Release|Any CPU = Release|Any CPU
	EndGlobalSection
	GlobalSection(ProjectConfigurationPlatforms) = postSolution
		{1E4C6F3F-83FB-41E9-BDB7-D397102219C0}.Debug|Any CPU.ActiveCfg = Debug|Any CPU
		{1E4C6F3F-83FB-41E9-BDB7-D397102219C0}.Debug|Any CPU.Build.0 = Debug|Any CPU
		{1E4C6F3F-83FB-41E9-BDB7-D397102219C0}.Release|Any CPU.ActiveCfg = Release|Any CPU
		{1E4C6F3F-83FB-41E9-BDB7-D397102219C0}.Release|Any CPU.Build.0 = Release|Any CPU
		{1C8A723C-B4A3-47D3-ACDA-45C58EB64B87}.Debug|Any CPU.ActiveCfg = Debug|Any CPU
		{1C8A723C-B4A3-47D3-ACDA-45C58EB64B87}.Debug|Any CPU.Build.0 = Debug|Any CPU
		{1C8A723C-B4A3-47D3-ACDA-45C58EB64B87}.Release|Any CPU.ActiveCfg = Release|Any CPU
		{1C8A723C-B4A3-47D3-ACDA-45C58EB64B87}.Release|Any CPU.Build.0 = Release|Any CPU
		{6E225E38-E8CD-4773-92B5-AE315A29E2E1}.Debug|Any CPU.ActiveCfg = Debug|Any CPU
		{6E225E38-E8CD-4773-92B5-AE315A29E2E1}.Debug|Any CPU.Build.0 = Debug|Any CPU
		{6E225E38-E8CD-4773-92B5-AE315A29E2E1}.Release|Any CPU.ActiveCfg = Release|Any CPU
		{6E225E38-E8CD-4773-92B5-AE315A29E2E1}.Release|Any CPU.Build.0 = Release|Any CPU
		{B0E7079D-4762-4100-A4A8-759F2487A629}.Debug|Any CPU.ActiveCfg = Debug|Any CPU
		{B0E7079D-4762-4100-A4A8-759F2487A629}.Debug|Any CPU.Build.0 = Debug|Any CPU
		{B0E7079D-4762-4100-A4A8-759F2487A629}.Release|Any CPU.ActiveCfg = Release|Any CPU
		{B0E7079D-4762-4100-A4A8-759F2487A629}.Release|Any CPU.Build.0 = Release|Any CPU
		{3CF30E49-F920-426D-876A-A0FF1023F61D}.Debug|Any CPU.ActiveCfg = Debug|Any CPU
		{3CF30E49-F920-426D-876A-A0FF1023F61D}.Debug|Any CPU.Build.0 = Debug|Any CPU
		{3CF30E49-F920-426D-876A-A0FF1023F61D}.Release|Any CPU.ActiveCfg = Release|Any CPU
		{3CF30E49-F920-426D-876A-A0FF1023F61D}.Release|Any CPU.Build.0 = Release|Any CPU
	EndGlobalSection
	GlobalSection(SolutionProperties) = preSolution
		HideSolutionNode = FALSE
	EndGlobalSection
	GlobalSection(ExtensibilityGlobals) = postSolution
		SolutionGuid = {88FC4E18-FC05-42FD-A5D8-8B2482DD10BF}
	EndGlobalSection
EndGlobal
